
Microsoft Visual Studio Solution File, Format Version 12.00
# Visual Studio 15
VisualStudioVersion = 15.0.27703.2026
MinimumVisualStudioVersion = 10.0.40219.1
Project("{FAE04EC0-301F-11D3-BF4B-00C04F79EFBC}") = "Client", "Client\Client.csproj", "{7A8DDEF0-CB17-4387-AB4E-B383B664B142}"
EndProject
Project("{FAE04EC0-301F-11D3-BF4B-00C04F79EFBC}") = "ServicegraphLib", "GraphService\ServicegraphLib.csproj", "{C70649A4-729D-4F67-8274-BB111180F8C8}"
EndProject
Project("{F5034706-568F-408A-B7B3-4D38C6DB8A32}") = "PowerShellProject", "PowerShellProject\PowerShellProject.pssproj", "{6CAFC0C6-A428-4D30-A9F9-700E829FEA51}"
EndProject
Global
	GlobalSection(SolutionConfigurationPlatforms) = preSolution
		Debug|Any CPU = Debug|Any CPU
		Release|Any CPU = Release|Any CPU
	EndGlobalSection
	GlobalSection(ProjectConfigurationPlatforms) = postSolution
		{7A8DDEF0-CB17-4387-AB4E-B383B664B142}.Debug|Any CPU.ActiveCfg = Debug|Any CPU
		{7A8DDEF0-CB17-4387-AB4E-B383B664B142}.Debug|Any CPU.Build.0 = Debug|Any CPU
		{7A8DDEF0-CB17-4387-AB4E-B383B664B142}.Release|Any CPU.ActiveCfg = Release|Any CPU
		{7A8DDEF0-CB17-4387-AB4E-B383B664B142}.Release|Any CPU.Build.0 = Release|Any CPU
		{C70649A4-729D-4F67-8274-BB111180F8C8}.Debug|Any CPU.ActiveCfg = Debug|Any CPU
		{C70649A4-729D-4F67-8274-BB111180F8C8}.Debug|Any CPU.Build.0 = Debug|Any CPU
		{C70649A4-729D-4F67-8274-BB111180F8C8}.Release|Any CPU.ActiveCfg = Release|Any CPU
		{C70649A4-729D-4F67-8274-BB111180F8C8}.Release|Any CPU.Build.0 = Release|Any CPU
		{6CAFC0C6-A428-4D30-A9F9-700E829FEA51}.Debug|Any CPU.ActiveCfg = Debug|Any CPU
		{6CAFC0C6-A428-4D30-A9F9-700E829FEA51}.Debug|Any CPU.Build.0 = Debug|Any CPU
		{6CAFC0C6-A428-4D30-A9F9-700E829FEA51}.Release|Any CPU.ActiveCfg = Release|Any CPU
		{6CAFC0C6-A428-4D30-A9F9-700E829FEA51}.Release|Any CPU.Build.0 = Release|Any CPU
	EndGlobalSection
	GlobalSection(SolutionProperties) = preSolution
		HideSolutionNode = FALSE
	EndGlobalSection
	GlobalSection(ExtensibilityGlobals) = postSolution
		SolutionGuid = {8E3FFF23-44E4-491B-9B1A-5C4E7242A394}
	EndGlobalSection
EndGlobal
